
Microsoft Visual Studio Solution File, Format Version 12.00
# Visual Studio Version 17
VisualStudioVersion = 17.5.002.0
MinimumVisualStudioVersion = 10.0.40219.1
Project("{9A19103F-16F7-4668-BE54-9A1E7A4F7556}") = "web-app1", "web-app1.csproj", "{24620ADA-BB42-4EEF-B3BC-5132CAC556E6}"
EndProject
Global
	GlobalSection(SolutionConfigurationPlatforms) = preSolution
		Debug|Any CPU = Debug|Any CPU
		Release|Any CPU = Release|Any CPU
	EndGlobalSection
	GlobalSection(ProjectConfigurationPlatforms) = postSolution
		{24620ADA-BB42-4EEF-B3BC-5132CAC556E6}.Debug|Any CPU.ActiveCfg = Debug|Any CPU
		{24620ADA-BB42-4EEF-B3BC-5132CAC556E6}.Debug|Any CPU.Build.0 = Debug|Any CPU
		{24620ADA-BB42-4EEF-B3BC-5132CAC556E6}.Release|Any CPU.ActiveCfg = Release|Any CPU
		{24620ADA-BB42-4EEF-B3BC-5132CAC556E6}.Release|Any CPU.Build.0 = Release|Any CPU
	EndGlobalSection
	GlobalSection(SolutionProperties) = preSolution
		HideSolutionNode = FALSE
	EndGlobalSection
	GlobalSection(ExtensibilityGlobals) = postSolution
		SolutionGuid = {FE352231-A7CF-4BE0-82D3-6DA356746B0B}
	EndGlobalSection
EndGlobal
